PODS:
  - PINCache (3.0.3):
    - PINCache/Arc-exception-safe (= 3.0.3)
    - PINCache/Core (= 3.0.3)
  - PINCache/Arc-exception-safe (3.0.3):
    - PINCache/Core
  - PINCache/Core (3.0.3):
    - PINOperation (~> 1.2.1)
  - PINOperation (1.2.1)
  - PINRemoteImage/Core (3.0.3):
    - PINOperation
  - PINRemoteImage/iOS (3.0.3):
    - PINRemoteImage/Core
  - PINRemoteImage/PINCache (3.0.3):
    - PINCache (~> 3.0.3)
    - PINRemoteImage/Core
  - RxCocoa (4.5.0):
    - RxSwift (>= 4.4.2, ~> 4.4)
  - RxSwift (4.5.0)
  - Texture (3.1.0):
    - Texture/AssetsLibrary (= 3.1.0)
    - Texture/Core (= 3.1.0)
    - Texture/MapKit (= 3.1.0)
    - Texture/Photos (= 3.1.0)
    - Texture/PINRemoteImage (= 3.1.0)
    - Texture/Video (= 3.1.0)
  - Texture/AssetsLibrary (3.1.0):
    - Texture/Core
  - Texture/Core (3.1.0)
  - Texture/MapKit (3.1.0):
    - Texture/Core
  - Texture/Photos (3.1.0):
    - Texture/Core
  - Texture/PINRemoteImage (3.1.0):
    - PINRemoteImage/iOS (~> 3.0.0)
    - PINRemoteImage/PINCache
    - Texture/Core
  - Texture/Video (3.1.0):
    - Texture/Core

DEPENDENCIES:
  - RxCocoa
  - RxSwift
  - Texture (>= 2.0)

SPEC REPOS:
  trunk:
    - PINCache
    - PINOperation
    - PINRemoteImage
    - RxCocoa
    - RxSwift
    - Texture

SPEC CHECKSUMS:
  PINCache: 7a8fc1a691173d21dbddbf86cd515de6efa55086
  PINOperation: 00c935935f1e8cf0d1e2d6b542e75b88fc3e5e20
  PINRemoteImage: f1295b29f8c5e640e25335a1b2bd9d805171bd01
  RxCocoa: cbf70265dc65a981d4ac982e513c10cf23df24a0
  RxSwift: f172070dfd1a93d70a9ab97a5a01166206e1c575
  Texture: 2e8ab2519452515f7f5a520f5a8f7e0a413abfa3

PODFILE CHECKSUM: 847dfeb8e029c2b160ef9397ea18ac67e75101ca

COCOAPODS: 1.11.2
